<?xml version="1.0" encoding="utf-8"?>
<Project ToolsVersion="15.0" xmlns="http://schemas.microsoft.com/developer/msbuild/2003">
  <ItemGroup>
    <CustomBuild Include="D:\My-Studies\OpenCV\build\CMakeFiles\7e139bd397d7a64c73c8a91b07e82d90\PACKAGE_force.rule">
      <Filter>CMake Rules</Filter>
    </CustomBuild>
  </ItemGroup>
  <ItemGroup>
    <Filter Include="CMake Rules">
      <UniqueIdentifier>{8E540922-AC19-3224-ABF4-146FCAFE96D6}</UniqueIdentifier>
    </Filter>
  </ItemGroup>
</Project>
