<?xml version="1.0" encoding="utf-8"?>
<Project ToolsVersion="15.0" xmlns="http://schemas.microsoft.com/developer/msbuild/2003">
  <ItemGroup>
    <CustomBuild Include="D:\My-Studies\OpenCV\build\CMakeFiles\e6ea8fd534c064c3ddc5a35a17e4fbf2\RUN_TESTS_force.rule">
      <Filter>CMake Rules</Filter>
    </CustomBuild>
  </ItemGroup>
  <ItemGroup>
    <Filter Include="CMake Rules">
      <UniqueIdentifier>{8E540922-AC19-3224-ABF4-146FCAFE96D6}</UniqueIdentifier>
    </Filter>
  </ItemGroup>
</Project>
