<?xml version="1.0" encoding="utf-8"?>
<Project ToolsVersion="15.0" xmlns="http://schemas.microsoft.com/developer/msbuild/2003">
  <ItemGroup>
    <ClCompile Include="D:\My-Studies\OpenCV\opencv-4.10.0\modules\ts\src\cuda_perf.cpp">
      <Filter>Src</Filter>
    </ClCompile>
    <ClCompile Include="D:\My-Studies\OpenCV\opencv-4.10.0\modules\ts\src\cuda_test.cpp">
      <Filter>Src</Filter>
    </ClCompile>
    <ClCompile Include="D:\My-Studies\OpenCV\opencv-4.10.0\modules\ts\src\ocl_perf.cpp">
      <Filter>Src</Filter>
    </ClCompile>
    <ClCompile Include="D:\My-Studies\OpenCV\opencv-4.10.0\modules\ts\src\ocl_test.cpp">
      <Filter>Src</Filter>
    </ClCompile>
    <ClCompile Include="D:\My-Studies\OpenCV\opencv-4.10.0\modules\ts\src\ts.cpp">
      <Filter>Src</Filter>
    </ClCompile>
    <ClCompile Include="D:\My-Studies\OpenCV\opencv-4.10.0\modules\ts\src\ts_arrtest.cpp">
      <Filter>Src</Filter>
    </ClCompile>
    <ClCompile Include="D:\My-Studies\OpenCV\opencv-4.10.0\modules\ts\src\ts_func.cpp">
      <Filter>Src</Filter>
    </ClCompile>
    <ClCompile Include="D:\My-Studies\OpenCV\opencv-4.10.0\modules\ts\src\ts_gtest.cpp">
      <Filter>Src</Filter>
    </ClCompile>
    <ClCompile Include="D:\My-Studies\OpenCV\opencv-4.10.0\modules\ts\src\ts_perf.cpp">
      <Filter>Src</Filter>
    </ClCompile>
    <ClCompile Include="D:\My-Studies\OpenCV\opencv-4.10.0\modules\ts\src\ts_tags.cpp">
      <Filter>Src</Filter>
    </ClCompile>
  </ItemGroup>
  <ItemGroup>
    <ClInclude Include="D:\My-Studies\OpenCV\opencv-4.10.0\modules\ts\include\opencv2\ts.hpp">
      <Filter>Include\opencv2</Filter>
    </ClInclude>
    <ClInclude Include="D:\My-Studies\OpenCV\opencv-4.10.0\modules\ts\include\opencv2\ts\cuda_perf.hpp">
      <Filter>Include\opencv2\ts</Filter>
    </ClInclude>
    <ClInclude Include="D:\My-Studies\OpenCV\opencv-4.10.0\modules\ts\include\opencv2\ts\cuda_test.hpp">
      <Filter>Include\opencv2\ts</Filter>
    </ClInclude>
    <ClInclude Include="D:\My-Studies\OpenCV\opencv-4.10.0\modules\ts\include\opencv2\ts\ocl_perf.hpp">
      <Filter>Include\opencv2\ts</Filter>
    </ClInclude>
    <ClInclude Include="D:\My-Studies\OpenCV\opencv-4.10.0\modules\ts\include\opencv2\ts\ocl_test.hpp">
      <Filter>Include\opencv2\ts</Filter>
    </ClInclude>
    <ClInclude Include="D:\My-Studies\OpenCV\opencv-4.10.0\modules\ts\include\opencv2\ts\ts_ext.hpp">
      <Filter>Include\opencv2\ts</Filter>
    </ClInclude>
    <ClInclude Include="D:\My-Studies\OpenCV\opencv-4.10.0\modules\ts\include\opencv2\ts\ts_gtest.h">
      <Filter>Include\opencv2\ts</Filter>
    </ClInclude>
    <ClInclude Include="D:\My-Studies\OpenCV\opencv-4.10.0\modules\ts\include\opencv2\ts\ts_perf.hpp">
      <Filter>Include\opencv2\ts</Filter>
    </ClInclude>
    <ClInclude Include="D:\My-Studies\OpenCV\opencv-4.10.0\modules\ts\src\precomp.hpp">
      <Filter>Src</Filter>
    </ClInclude>
    <ClInclude Include="D:\My-Studies\OpenCV\opencv-4.10.0\modules\ts\src\ts_tags.hpp">
      <Filter>Src</Filter>
    </ClInclude>
    <ClInclude Include="D:\My-Studies\OpenCV\build\cvconfig.h">
      <Filter>Include</Filter>
    </ClInclude>
    <ClInclude Include="D:\My-Studies\OpenCV\build\opencv2\opencv_modules.hpp">
      <Filter>Include</Filter>
    </ClInclude>
  </ItemGroup>
  <ItemGroup>
    <Filter Include="Include">
      <UniqueIdentifier>{2364969E-CA32-3540-A467-E47D8AA03BC5}</UniqueIdentifier>
    </Filter>
    <Filter Include="Include\opencv2">
      <UniqueIdentifier>{E6FA46B8-67F6-3B0F-8C0B-3563A945948D}</UniqueIdentifier>
    </Filter>
    <Filter Include="Include\opencv2\ts">
      <UniqueIdentifier>{C9493034-3954-3984-8A2A-6B462AABC7C2}</UniqueIdentifier>
    </Filter>
    <Filter Include="Src">
      <UniqueIdentifier>{6E9A65E4-7C8C-34DE-9C74-25C8149BB396}</UniqueIdentifier>
    </Filter>
  </ItemGroup>
</Project>
