<?xml version="1.0" encoding="utf-8"?>
<Project ToolsVersion="15.0" xmlns="http://schemas.microsoft.com/developer/msbuild/2003">
  <ItemGroup>
    <ClCompile Include="D:\My-Studies\OpenCV\opencv_contrib-4.x\modules\optflow\perf\opencl\perf_optflow_dualTVL1.cpp">
      <Filter>opencv_optflow\Src\opencl</Filter>
    </ClCompile>
    <ClCompile Include="D:\My-Studies\OpenCV\opencv_contrib-4.x\modules\optflow\perf\perf_deepflow.cpp">
      <Filter>opencv_optflow\Src</Filter>
    </ClCompile>
    <ClCompile Include="D:\My-Studies\OpenCV\opencv_contrib-4.x\modules\optflow\perf\perf_main.cpp">
      <Filter>opencv_optflow\Src</Filter>
    </ClCompile>
    <ClCompile Include="D:\My-Studies\OpenCV\opencv_contrib-4.x\modules\optflow\perf\perf_rlof.cpp">
      <Filter>opencv_optflow\Src</Filter>
    </ClCompile>
    <ClCompile Include="D:\My-Studies\OpenCV\opencv_contrib-4.x\modules\optflow\perf\perf_tvl1optflow.cpp">
      <Filter>opencv_optflow\Src</Filter>
    </ClCompile>
  </ItemGroup>
  <ItemGroup>
    <ClInclude Include="D:\My-Studies\OpenCV\opencv_contrib-4.x\modules\optflow\perf\perf_precomp.hpp">
      <Filter>opencv_optflow\Include</Filter>
    </ClInclude>
  </ItemGroup>
  <ItemGroup>
    <Filter Include="opencv_optflow">
      <UniqueIdentifier>{E0C2A213-8305-3F77-A019-0F92C3A1C7A5}</UniqueIdentifier>
    </Filter>
    <Filter Include="opencv_optflow\Include">
      <UniqueIdentifier>{BC5D6595-4CAC-3486-B622-F21AD3DC0233}</UniqueIdentifier>
    </Filter>
    <Filter Include="opencv_optflow\Src">
      <UniqueIdentifier>{27956ABE-AF02-3D93-B66F-D70832168B18}</UniqueIdentifier>
    </Filter>
    <Filter Include="opencv_optflow\Src\opencl">
      <UniqueIdentifier>{847C5D38-B8D6-3C56-A6DD-EDA6C71F09D6}</UniqueIdentifier>
    </Filter>
  </ItemGroup>
</Project>
