<?xml version="1.0" encoding="utf-8"?>
<Project ToolsVersion="15.0" xmlns="http://schemas.microsoft.com/developer/msbuild/2003">
  <ItemGroup>
    <ClCompile Include="D:\My-Studies\OpenCV\build\modules\world\arithm.sse4_1.cpp">
      <Filter>Source Files</Filter>
    </ClCompile>
    <ClCompile Include="D:\My-Studies\OpenCV\build\modules\world\matmul.sse4_1.cpp">
      <Filter>Source Files</Filter>
    </ClCompile>
    <ClCompile Include="D:\My-Studies\OpenCV\opencv-4.10.0\modules\imgproc\src\imgwarp.sse4_1.cpp">
      <Filter>opencv_imgproc\Src</Filter>
    </ClCompile>
    <ClCompile Include="D:\My-Studies\OpenCV\opencv-4.10.0\modules\imgproc\src\resize.sse4_1.cpp">
      <Filter>opencv_imgproc\Src</Filter>
    </ClCompile>
    <ClCompile Include="D:\My-Studies\OpenCV\build\modules\world\accum.sse4_1.cpp">
      <Filter>Source Files</Filter>
    </ClCompile>
    <ClCompile Include="D:\My-Studies\OpenCV\build\modules\world\box_filter.sse4_1.cpp">
      <Filter>Source Files</Filter>
    </ClCompile>
    <ClCompile Include="D:\My-Studies\OpenCV\build\modules\world\filter.sse4_1.cpp">
      <Filter>Source Files</Filter>
    </ClCompile>
    <ClCompile Include="D:\My-Studies\OpenCV\build\modules\world\color_hsv.sse4_1.cpp">
      <Filter>Source Files</Filter>
    </ClCompile>
    <ClCompile Include="D:\My-Studies\OpenCV\build\modules\world\color_rgb.sse4_1.cpp">
      <Filter>Source Files</Filter>
    </ClCompile>
    <ClCompile Include="D:\My-Studies\OpenCV\build\modules\world\color_yuv.sse4_1.cpp">
      <Filter>Source Files</Filter>
    </ClCompile>
    <ClCompile Include="D:\My-Studies\OpenCV\build\modules\world\median_blur.sse4_1.cpp">
      <Filter>Source Files</Filter>
    </ClCompile>
    <ClCompile Include="D:\My-Studies\OpenCV\build\modules\world\morph.sse4_1.cpp">
      <Filter>Source Files</Filter>
    </ClCompile>
    <ClCompile Include="D:\My-Studies\OpenCV\build\modules\world\smooth.sse4_1.cpp">
      <Filter>Source Files</Filter>
    </ClCompile>
    <ClCompile Include="D:\My-Studies\OpenCV\build\modules\world\sift.sse4_1.cpp">
      <Filter>Source Files</Filter>
    </ClCompile>
    <ClCompile Include="D:\My-Studies\OpenCV\build\modules\world\backends\fluid\gfluidimgproc_func.sse4_1.cpp">
      <Filter>Source Files</Filter>
    </ClCompile>
    <ClCompile Include="D:\My-Studies\OpenCV\build\modules\world\backends\fluid\gfluidcore_func.sse4_1.cpp">
      <Filter>Source Files</Filter>
    </ClCompile>
  </ItemGroup>
  <ItemGroup>
    <Filter Include="Source Files">
      <UniqueIdentifier>{8638A68D-5167-3809-990B-8742F77733D8}</UniqueIdentifier>
    </Filter>
    <Filter Include="opencv_imgproc">
      <UniqueIdentifier>{A32244BA-0A22-36C1-B40A-8FB0EBDCD82D}</UniqueIdentifier>
    </Filter>
    <Filter Include="opencv_imgproc\Src">
      <UniqueIdentifier>{48443D86-4301-368C-86AF-B2563A48E00C}</UniqueIdentifier>
    </Filter>
  </ItemGroup>
</Project>
