
Microsoft Visual Studio Solution File, Format Version 12.00
# Visual Studio 15
Project("{2150E333-8FDC-42A3-9474-1A3956D46DE8}") = "3rdparty", "3rdparty", "{CF2A096A-A785-347D-846F-E1C01AB97988}"
EndProject
Project("{2150E333-8FDC-42A3-9474-1A3956D46DE8}") = "jpeg", "3rdparty\jpeg", "{DA5D96BF-248A-34BE-B61B-EA45DE1BFDED}"
EndProject
Project("{2150E333-8FDC-42A3-9474-1A3956D46DE8}") = "CMakeTargets", "CMakeTargets", "{6B1C1EAC-C61C-36CA-BB49-C1DE1029ACCA}"
EndProject
Project("{2150E333-8FDC-42A3-9474-1A3956D46DE8}") = "applications", "applications", "{60F5BFBF-00E1-36A3-B4D0-4B28BF2D32C9}"
EndProject
Project("{2150E333-8FDC-42A3-9474-1A3956D46DE8}") = "dispatched", "dispatched", "{F2AD6235-D145-3E37-A77D-B791D75128B6}"
EndProject
Project("{2150E333-8FDC-42A3-9474-1A3956D46DE8}") = "modules", "modules", "{490EA792-A694-3904-8483-BC096AEBB945}"
EndProject
Project("{8BC9CEB8-8B4A-11D0-8D11-00A0C91BC942}") = "ALL_BUILD", "ALL_BUILD.vcxproj", "{213C32BB-8571-3E05-AAE0-98AE88CF9065}"
	ProjectSection(ProjectDependencies) = postProject
		{2BBF5515-2988-304B-AC85-A8711894EBF3} = {2BBF5515-2988-304B-AC85-A8711894EBF3}
	EndProjectSection
EndProject
Project("{8BC9CEB8-8B4A-11D0-8D11-00A0C91BC942}") = "INSTALL", "INSTALL.vcxproj", "{AD677895-225E-3607-A4A5-E824D357F1FC}"
	ProjectSection(ProjectDependencies) = postProject
		{213C32BB-8571-3E05-AAE0-98AE88CF9065} = {213C32BB-8571-3E05-AAE0-98AE88CF9065}
	EndProjectSection
EndProject
Project("{8BC9CEB8-8B4A-11D0-8D11-00A0C91BC942}") = "IlmImf", "..\..\3rdparty\openexr\IlmImf.vcxproj", "{87F946B3-2C3A-35F2-AAED-C0B22CD783E9}"
	ProjectSection(ProjectDependencies) = postProject
		{13B66DDC-7A51-35E3-BC20-89E473B11213} = {13B66DDC-7A51-35E3-BC20-89E473B11213}
	EndProjectSection
EndProject
Project("{8BC9CEB8-8B4A-11D0-8D11-00A0C91BC942}") = "PACKAGE", "PACKAGE.vcxproj", "{BCD2EDD7-3990-3DDF-9A6E-DE67D8B5CEAF}"
	ProjectSection(ProjectDependencies) = postProject
		{213C32BB-8571-3E05-AAE0-98AE88CF9065} = {213C32BB-8571-3E05-AAE0-98AE88CF9065}
	EndProjectSection
EndProject
Project("{8BC9CEB8-8B4A-11D0-8D11-00A0C91BC942}") = "RUN_TESTS", "RUN_TESTS.vcxproj", "{608ACAB0-D6D5-3B72-91EA-2278344C5C23}"
	ProjectSection(ProjectDependencies) = postProject
	EndProjectSection
EndProject
Project("{8BC9CEB8-8B4A-11D0-8D11-00A0C91BC942}") = "ade", "..\..\\ade.vcxproj", "{ED09C901-2A85-3D9A-9846-31DAF0DEA2B9}"
	ProjectSection(ProjectDependencies) = postProject
	EndProjectSection
EndProject
Project("{8BC9CEB8-8B4A-11D0-8D11-00A0C91BC942}") = "ippiw", "..\..\3rdparty\ippiw\ippiw.vcxproj", "{EC230F2E-333A-35AC-9A14-12F085E3D588}"
	ProjectSection(ProjectDependencies) = postProject
	EndProjectSection
EndProject
Project("{8BC9CEB8-8B4A-11D0-8D11-00A0C91BC942}") = "ittnotify", "..\..\3rdparty\ittnotify\ittnotify.vcxproj", "{650F3ECB-CC6F-337E-A042-41ED3E474AC1}"
	ProjectSection(ProjectDependencies) = postProject
	EndProjectSection
EndProject
Project("{8BC9CEB8-8B4A-11D0-8D11-00A0C91BC942}") = "jpeg12-static", "..\..\3rdparty\libjpeg-turbo\jpeg12-static.vcxproj", "{3F4475DC-94EA-3AF3-826F-9027E38C3E78}"
	ProjectSection(ProjectDependencies) = postProject
	EndProjectSection
EndProject
Project("{8BC9CEB8-8B4A-11D0-8D11-00A0C91BC942}") = "jpeg16-static", "..\..\3rdparty\libjpeg-turbo\jpeg16-static.vcxproj", "{66EE5CC2-BE26-3F90-B197-0FF6190661B8}"
	ProjectSection(ProjectDependencies) = postProject
	EndProjectSection
EndProject
Project("{8BC9CEB8-8B4A-11D0-8D11-00A0C91BC942}") = "libjpeg-turbo", "..\..\3rdparty\libjpeg-turbo\libjpeg-turbo.vcxproj", "{2494AF97-BAB7-37EC-A4C5-CE5129373CEF}"
	ProjectSection(ProjectDependencies) = postProject
		{3F4475DC-94EA-3AF3-826F-9027E38C3E78} = {3F4475DC-94EA-3AF3-826F-9027E38C3E78}
		{66EE5CC2-BE26-3F90-B197-0FF6190661B8} = {66EE5CC2-BE26-3F90-B197-0FF6190661B8}
	EndProjectSection
EndProject
Project("{8BC9CEB8-8B4A-11D0-8D11-00A0C91BC942}") = "libopenjp2", "..\..\3rdparty\openjpeg\openjp2\libopenjp2.vcxproj", "{098A358C-0572-3EAD-92DD-AE34251EFBBE}"
	ProjectSection(ProjectDependencies) = postProject
	EndProjectSection
EndProject
Project("{8BC9CEB8-8B4A-11D0-8D11-00A0C91BC942}") = "libpng", "..\..\3rdparty\libpng\libpng.vcxproj", "{731952D4-9B64-3255-A045-C361ED207D99}"
	ProjectSection(ProjectDependencies) = postProject
		{13B66DDC-7A51-35E3-BC20-89E473B11213} = {13B66DDC-7A51-35E3-BC20-89E473B11213}
	EndProjectSection
EndProject
Project("{8BC9CEB8-8B4A-11D0-8D11-00A0C91BC942}") = "libprotobuf", "..\..\3rdparty\protobuf\libprotobuf.vcxproj", "{80A76F50-80B5-33B5-BD61-3160410B7A19}"
	ProjectSection(ProjectDependencies) = postProject
	EndProjectSection
EndProject
Project("{8BC9CEB8-8B4A-11D0-8D11-00A0C91BC942}") = "libtiff", "..\..\3rdparty\libtiff\libtiff.vcxproj", "{C3EF08FB-55EC-3442-B4C7-0C0DDDEE775D}"
	ProjectSection(ProjectDependencies) = postProject
		{13B66DDC-7A51-35E3-BC20-89E473B11213} = {13B66DDC-7A51-35E3-BC20-89E473B11213}
	EndProjectSection
EndProject
Project("{8BC9CEB8-8B4A-11D0-8D11-00A0C91BC942}") = "libwebp", "..\..\3rdparty\libwebp\libwebp.vcxproj", "{63EA9C70-5953-3DF9-8F5D-D3646DC56E12}"
	ProjectSection(ProjectDependencies) = postProject
	EndProjectSection
EndProject
Project("{8BC9CEB8-8B4A-11D0-8D11-00A0C91BC942}") = "opencv_visualisation", "opencv_visualisation.vcxproj", "{2BBF5515-2988-304B-AC85-A8711894EBF3}"
	ProjectSection(ProjectDependencies) = postProject
		{EC230F2E-333A-35AC-9A14-12F085E3D588} = {EC230F2E-333A-35AC-9A14-12F085E3D588}
		{3DB60718-EE55-3DC8-A863-74CA4CCF2BDB} = {3DB60718-EE55-3DC8-A863-74CA4CCF2BDB}
	EndProjectSection
EndProject
Project("{8BC9CEB8-8B4A-11D0-8D11-00A0C91BC942}") = "opencv_world", "..\..\modules\world\opencv_world.vcxproj", "{3DB60718-EE55-3DC8-A863-74CA4CCF2BDB}"
	ProjectSection(ProjectDependencies) = postProject
		{87F946B3-2C3A-35F2-AAED-C0B22CD783E9} = {87F946B3-2C3A-35F2-AAED-C0B22CD783E9}
		{ED09C901-2A85-3D9A-9846-31DAF0DEA2B9} = {ED09C901-2A85-3D9A-9846-31DAF0DEA2B9}
		{EC230F2E-333A-35AC-9A14-12F085E3D588} = {EC230F2E-333A-35AC-9A14-12F085E3D588}
		{650F3ECB-CC6F-337E-A042-41ED3E474AC1} = {650F3ECB-CC6F-337E-A042-41ED3E474AC1}
		{2494AF97-BAB7-37EC-A4C5-CE5129373CEF} = {2494AF97-BAB7-37EC-A4C5-CE5129373CEF}
		{098A358C-0572-3EAD-92DD-AE34251EFBBE} = {098A358C-0572-3EAD-92DD-AE34251EFBBE}
		{731952D4-9B64-3255-A045-C361ED207D99} = {731952D4-9B64-3255-A045-C361ED207D99}
		{80A76F50-80B5-33B5-BD61-3160410B7A19} = {80A76F50-80B5-33B5-BD61-3160410B7A19}
		{C3EF08FB-55EC-3442-B4C7-0C0DDDEE775D} = {C3EF08FB-55EC-3442-B4C7-0C0DDDEE775D}
		{63EA9C70-5953-3DF9-8F5D-D3646DC56E12} = {63EA9C70-5953-3DF9-8F5D-D3646DC56E12}
		{DFC4FEEE-2BA4-3676-9C37-A174CCA7EEC6} = {DFC4FEEE-2BA4-3676-9C37-A174CCA7EEC6}
		{B4EDB1F6-C9C8-30EA-B73F-78A64E57951D} = {B4EDB1F6-C9C8-30EA-B73F-78A64E57951D}
		{12A926A5-E28D-31B5-8546-53B8A428D015} = {12A926A5-E28D-31B5-8546-53B8A428D015}
		{B6F8614E-EFDE-3B11-856D-89C3217EAA46} = {B6F8614E-EFDE-3B11-856D-89C3217EAA46}
		{1A1FCDB7-BFAD-3C68-A0A4-17B4D7968E6A} = {1A1FCDB7-BFAD-3C68-A0A4-17B4D7968E6A}
		{13B66DDC-7A51-35E3-BC20-89E473B11213} = {13B66DDC-7A51-35E3-BC20-89E473B11213}
	EndProjectSection
EndProject
Project("{8BC9CEB8-8B4A-11D0-8D11-00A0C91BC942}") = "opencv_world_AVX", "..\..\modules\world\opencv_world_AVX.vcxproj", "{DFC4FEEE-2BA4-3676-9C37-A174CCA7EEC6}"
	ProjectSection(ProjectDependencies) = postProject
	EndProjectSection
EndProject
Project("{8BC9CEB8-8B4A-11D0-8D11-00A0C91BC942}") = "opencv_world_AVX2", "..\..\modules\world\opencv_world_AVX2.vcxproj", "{B4EDB1F6-C9C8-30EA-B73F-78A64E57951D}"
	ProjectSection(ProjectDependencies) = postProject
	EndProjectSection
EndProject
Project("{8BC9CEB8-8B4A-11D0-8D11-00A0C91BC942}") = "opencv_world_AVX512_SKX", "..\..\modules\world\opencv_world_AVX512_SKX.vcxproj", "{12A926A5-E28D-31B5-8546-53B8A428D015}"
	ProjectSection(ProjectDependencies) = postProject
	EndProjectSection
EndProject
Project("{8BC9CEB8-8B4A-11D0-8D11-00A0C91BC942}") = "opencv_world_SSE4_1", "..\..\modules\world\opencv_world_SSE4_1.vcxproj", "{B6F8614E-EFDE-3B11-856D-89C3217EAA46}"
	ProjectSection(ProjectDependencies) = postProject
	EndProjectSection
EndProject
Project("{8BC9CEB8-8B4A-11D0-8D11-00A0C91BC942}") = "opencv_world_SSE4_2", "..\..\modules\world\opencv_world_SSE4_2.vcxproj", "{1A1FCDB7-BFAD-3C68-A0A4-17B4D7968E6A}"
	ProjectSection(ProjectDependencies) = postProject
	EndProjectSection
EndProject
Project("{8BC9CEB8-8B4A-11D0-8D11-00A0C91BC942}") = "zlib", "..\..\3rdparty\zlib\zlib.vcxproj", "{13B66DDC-7A51-35E3-BC20-89E473B11213}"
	ProjectSection(ProjectDependencies) = postProject
	EndProjectSection
EndProject
Global
	GlobalSection(SolutionConfigurationPlatforms) = preSolution
		Release|x64 = Release|x64
	EndGlobalSection
	GlobalSection(ProjectConfigurationPlatforms) = postSolution
		{213C32BB-8571-3E05-AAE0-98AE88CF9065}.Release|x64.ActiveCfg = Release|x64
		{213C32BB-8571-3E05-AAE0-98AE88CF9065}.Release|x64.Build.0 = Release|x64
		{AD677895-225E-3607-A4A5-E824D357F1FC}.Release|x64.ActiveCfg = Release|x64
		{87F946B3-2C3A-35F2-AAED-C0B22CD783E9}.Release|x64.ActiveCfg = Release|x64
		{87F946B3-2C3A-35F2-AAED-C0B22CD783E9}.Release|x64.Build.0 = Release|x64
		{BCD2EDD7-3990-3DDF-9A6E-DE67D8B5CEAF}.Release|x64.ActiveCfg = Release|x64
		{608ACAB0-D6D5-3B72-91EA-2278344C5C23}.Release|x64.ActiveCfg = Release|x64
		{ED09C901-2A85-3D9A-9846-31DAF0DEA2B9}.Release|x64.ActiveCfg = Release|x64
		{ED09C901-2A85-3D9A-9846-31DAF0DEA2B9}.Release|x64.Build.0 = Release|x64
		{EC230F2E-333A-35AC-9A14-12F085E3D588}.Release|x64.ActiveCfg = Release|x64
		{EC230F2E-333A-35AC-9A14-12F085E3D588}.Release|x64.Build.0 = Release|x64
		{650F3ECB-CC6F-337E-A042-41ED3E474AC1}.Release|x64.ActiveCfg = Release|x64
		{650F3ECB-CC6F-337E-A042-41ED3E474AC1}.Release|x64.Build.0 = Release|x64
		{3F4475DC-94EA-3AF3-826F-9027E38C3E78}.Release|x64.ActiveCfg = Release|x64
		{3F4475DC-94EA-3AF3-826F-9027E38C3E78}.Release|x64.Build.0 = Release|x64
		{66EE5CC2-BE26-3F90-B197-0FF6190661B8}.Release|x64.ActiveCfg = Release|x64
		{66EE5CC2-BE26-3F90-B197-0FF6190661B8}.Release|x64.Build.0 = Release|x64
		{2494AF97-BAB7-37EC-A4C5-CE5129373CEF}.Release|x64.ActiveCfg = Release|x64
		{2494AF97-BAB7-37EC-A4C5-CE5129373CEF}.Release|x64.Build.0 = Release|x64
		{098A358C-0572-3EAD-92DD-AE34251EFBBE}.Release|x64.ActiveCfg = Release|x64
		{098A358C-0572-3EAD-92DD-AE34251EFBBE}.Release|x64.Build.0 = Release|x64
		{731952D4-9B64-3255-A045-C361ED207D99}.Release|x64.ActiveCfg = Release|x64
		{731952D4-9B64-3255-A045-C361ED207D99}.Release|x64.Build.0 = Release|x64
		{80A76F50-80B5-33B5-BD61-3160410B7A19}.Release|x64.ActiveCfg = Release|x64
		{80A76F50-80B5-33B5-BD61-3160410B7A19}.Release|x64.Build.0 = Release|x64
		{C3EF08FB-55EC-3442-B4C7-0C0DDDEE775D}.Release|x64.ActiveCfg = Release|x64
		{C3EF08FB-55EC-3442-B4C7-0C0DDDEE775D}.Release|x64.Build.0 = Release|x64
		{63EA9C70-5953-3DF9-8F5D-D3646DC56E12}.Release|x64.ActiveCfg = Release|x64
		{63EA9C70-5953-3DF9-8F5D-D3646DC56E12}.Release|x64.Build.0 = Release|x64
		{2BBF5515-2988-304B-AC85-A8711894EBF3}.Release|x64.ActiveCfg = Release|x64
		{2BBF5515-2988-304B-AC85-A8711894EBF3}.Release|x64.Build.0 = Release|x64
		{3DB60718-EE55-3DC8-A863-74CA4CCF2BDB}.Release|x64.ActiveCfg = Release|x64
		{3DB60718-EE55-3DC8-A863-74CA4CCF2BDB}.Release|x64.Build.0 = Release|x64
		{DFC4FEEE-2BA4-3676-9C37-A174CCA7EEC6}.Release|x64.ActiveCfg = Release|x64
		{DFC4FEEE-2BA4-3676-9C37-A174CCA7EEC6}.Release|x64.Build.0 = Release|x64
		{B4EDB1F6-C9C8-30EA-B73F-78A64E57951D}.Release|x64.ActiveCfg = Release|x64
		{B4EDB1F6-C9C8-30EA-B73F-78A64E57951D}.Release|x64.Build.0 = Release|x64
		{12A926A5-E28D-31B5-8546-53B8A428D015}.Release|x64.ActiveCfg = Release|x64
		{12A926A5-E28D-31B5-8546-53B8A428D015}.Release|x64.Build.0 = Release|x64
		{B6F8614E-EFDE-3B11-856D-89C3217EAA46}.Release|x64.ActiveCfg = Release|x64
		{B6F8614E-EFDE-3B11-856D-89C3217EAA46}.Release|x64.Build.0 = Release|x64
		{1A1FCDB7-BFAD-3C68-A0A4-17B4D7968E6A}.Release|x64.ActiveCfg = Release|x64
		{1A1FCDB7-BFAD-3C68-A0A4-17B4D7968E6A}.Release|x64.Build.0 = Release|x64
		{13B66DDC-7A51-35E3-BC20-89E473B11213}.Release|x64.ActiveCfg = Release|x64
		{13B66DDC-7A51-35E3-BC20-89E473B11213}.Release|x64.Build.0 = Release|x64
	EndGlobalSection
	GlobalSection(NestedProjects) = preSolution
		{DA5D96BF-248A-34BE-B61B-EA45DE1BFDED} = {CF2A096A-A785-347D-846F-E1C01AB97988}
		{87F946B3-2C3A-35F2-AAED-C0B22CD783E9} = {CF2A096A-A785-347D-846F-E1C01AB97988}
		{ED09C901-2A85-3D9A-9846-31DAF0DEA2B9} = {CF2A096A-A785-347D-846F-E1C01AB97988}
		{EC230F2E-333A-35AC-9A14-12F085E3D588} = {CF2A096A-A785-347D-846F-E1C01AB97988}
		{650F3ECB-CC6F-337E-A042-41ED3E474AC1} = {CF2A096A-A785-347D-846F-E1C01AB97988}
		{098A358C-0572-3EAD-92DD-AE34251EFBBE} = {CF2A096A-A785-347D-846F-E1C01AB97988}
		{731952D4-9B64-3255-A045-C361ED207D99} = {CF2A096A-A785-347D-846F-E1C01AB97988}
		{80A76F50-80B5-33B5-BD61-3160410B7A19} = {CF2A096A-A785-347D-846F-E1C01AB97988}
		{C3EF08FB-55EC-3442-B4C7-0C0DDDEE775D} = {CF2A096A-A785-347D-846F-E1C01AB97988}
		{63EA9C70-5953-3DF9-8F5D-D3646DC56E12} = {CF2A096A-A785-347D-846F-E1C01AB97988}
		{13B66DDC-7A51-35E3-BC20-89E473B11213} = {CF2A096A-A785-347D-846F-E1C01AB97988}
		{3F4475DC-94EA-3AF3-826F-9027E38C3E78} = {DA5D96BF-248A-34BE-B61B-EA45DE1BFDED}
		{66EE5CC2-BE26-3F90-B197-0FF6190661B8} = {DA5D96BF-248A-34BE-B61B-EA45DE1BFDED}
		{2494AF97-BAB7-37EC-A4C5-CE5129373CEF} = {DA5D96BF-248A-34BE-B61B-EA45DE1BFDED}
		{213C32BB-8571-3E05-AAE0-98AE88CF9065} = {6B1C1EAC-C61C-36CA-BB49-C1DE1029ACCA}
		{AD677895-225E-3607-A4A5-E824D357F1FC} = {6B1C1EAC-C61C-36CA-BB49-C1DE1029ACCA}
		{BCD2EDD7-3990-3DDF-9A6E-DE67D8B5CEAF} = {6B1C1EAC-C61C-36CA-BB49-C1DE1029ACCA}
		{608ACAB0-D6D5-3B72-91EA-2278344C5C23} = {6B1C1EAC-C61C-36CA-BB49-C1DE1029ACCA}
		{2BBF5515-2988-304B-AC85-A8711894EBF3} = {60F5BFBF-00E1-36A3-B4D0-4B28BF2D32C9}
		{DFC4FEEE-2BA4-3676-9C37-A174CCA7EEC6} = {F2AD6235-D145-3E37-A77D-B791D75128B6}
		{B4EDB1F6-C9C8-30EA-B73F-78A64E57951D} = {F2AD6235-D145-3E37-A77D-B791D75128B6}
		{12A926A5-E28D-31B5-8546-53B8A428D015} = {F2AD6235-D145-3E37-A77D-B791D75128B6}
		{B6F8614E-EFDE-3B11-856D-89C3217EAA46} = {F2AD6235-D145-3E37-A77D-B791D75128B6}
		{1A1FCDB7-BFAD-3C68-A0A4-17B4D7968E6A} = {F2AD6235-D145-3E37-A77D-B791D75128B6}
		{3DB60718-EE55-3DC8-A863-74CA4CCF2BDB} = {490EA792-A694-3904-8483-BC096AEBB945}
	EndGlobalSection
	GlobalSection(ExtensibilityGlobals) = postSolution
		SolutionGuid = {0906BB5E-580A-3CCD-B327-B00FB0B2B4A6}
	EndGlobalSection
	GlobalSection(ExtensibilityAddIns) = postSolution
	EndGlobalSection
EndGlobal
